{
    "_readme": [
        "This file locks the dependencies of your project to a known state",
        "Read more about it at https://getcomposer.org/doc/01-basic-usage.md#composer-lock-the-lock-file",
        "This file is @generated automatically"
    ],
    "content-hash": "9bea93e5bb8c1b94020cada0c9fa53b5",
    "packages": [
        {
            "name": "cocur/background-process",
            "version": "v0.7",
            "source": {
                "type": "git",
                "url": "https://github.com/cocur/background-process.git",
                "reference": "9ae2902922f02ec5544d723756758eb7304c6869"
            },
            "dist": {
                "type": "zip",
                "url": "https://api.github.com/repos/cocur/background-process/zipball/9ae2902922f02ec5544d723756758eb7304c6869",
                "reference": "9ae2902922f02ec5544d723756758eb7304c6869",
                "shasum": ""
            },
            "require": {
                "php": ">=5.5"
            },
            "require-dev": {
                "phpunit/phpunit": "~4.8|~5.1"
            },
            "type": "library",
            "autoload": {
                "psr-4": {
                    "Cocur\\BackgroundProcess\\": "src/"
                }
            },
            "notification-url": "https://packagist.org/downloads/",
            "license": [
                "MIT"
            ],
            "description": "Start processes in the background that continue running when the PHP process exists.",
            "keywords": [
                "background",
                "process",
                "unix"
            ],
            "time": "2017-02-11T12:41:41+00:00"
        },
        {
            "name": "phpcasperjs/phpcasperjs",
            "version": "v1.3.3",
            "source": {
                "type": "git",
                "url": "https://github.com/alwex/php-casperjs.git",
                "reference": "5a0f2fbbae1e0f31b12876fa1758f942dc4b01c2"
            },
            "dist": {
                "type": "zip",
                "url": "https://api.github.com/repos/alwex/php-casperjs/zipball/5a0f2fbbae1e0f31b12876fa1758f942dc4b01c2",
                "reference": "5a0f2fbbae1e0f31b12876fa1758f942dc4b01c2",
                "shasum": ""
            },
            "require": {
                "php": ">=5.3.0"
            },
            "require-dev": {
                "phpunit/phpunit": "4.*",
                "squizlabs/php_codesniffer": "2.*"
            },
            "type": "library",
            "autoload": {
                "psr-4": {
                    "Browser\\": "src/"
                }
            },
            "notification-url": "https://packagist.org/downloads/",
            "license": [
                "MIT"
            ],
            "authors": [
                {
                    "name": "GUIDET Alexandre",
                    "email": "alwex@free.fr"
                }
            ],
            "description": "Simple PHP wrapper for CasperJS",
            "homepage": "https://github.com/alwex/php-casperjs",
            "keywords": [
                "browser",
                "phpunit",
                "test"
            ],
            "time": "2017-04-04T03:15:58+00:00"
        }
    ],
    "packages-dev": [],
    "aliases": [],
    "minimum-stability": "stable",
    "stability-flags": [],
    "prefer-stable": false,
    "prefer-lowest": false,
    "platform": [],
    "platform-dev": []
}
